// !$*UTF8*$!
{
	archiveVersion = 1;
	classes = {
	};
	objectVersion = 46;
	objects = {

/* Begin PBXBuildFile section */
		942A4F54192F1C9700C93E5B /* Foundation.framework in Frameworks */ = {isa = PBXBuildFile; fileRef = 942A4F53192F1C9600C93E5B /* Foundation.framework */; };
		942A4F56192F1C9700C93E5B /* CoreGraphics.framework in Frameworks */ = {isa = PBXBuildFile; fileRef = 942A4F55192F1C9700C93E5B /* CoreGraphics.framework */; };
		942A4F58192F1C9700C93E5B /* UIKit.framework in Frameworks */ = {isa = PBXBuildFile; fileRef = 942A4F57192F1C9700C93E5B /* UIKit.framework */; };
		942A4F5E192F1C9700C93E5B /* InfoPlist.strings in Resources */ = {isa = PBXBuildFile; fileRef = 942A4F5C192F1C9700C93E5B /* InfoPlist.strings */; };
		942A4F60192F1C9700C93E5B /* main.m in Sources */ = {isa = PBXBuildFile; fileRef = 942A4F5F192F1C9700C93E5B /* main.m */; };
		942A4F64192F1C9700C93E5B /* AppDelegate.m in Sources */ = {isa = PBXBuildFile; fileRef = 942A4F63192F1C9700C93E5B /* AppDelegate.m */; };
		942A4F67192F1C9700C93E5B /* Main_iPhone.storyboard in Resources */ = {isa = PBXBuildFile; fileRef = 942A4F65192F1C9700C93E5B /* Main_iPhone.storyboard */; };
		942A4F6A192F1C9700C93E5B /* Main_iPad.storyboard in Resources */ = {isa = PBXBuildFile; fileRef = 942A4F68192F1C9700C93E5B /* Main_iPad.storyboard */; };
		942A4F6F192F1C9700C93E5B /* Images.xcassets in Resources */ = {isa = PBXBuildFile; fileRef = 942A4F6E192F1C9700C93E5B /* Images.xcassets */; };
		942A4F76192F1C9700C93E5B /* XCTest.framework in Frameworks */ = {isa = PBXBuildFile; fileRef = 942A4F75192F1C9700C93E5B /* XCTest.framework */; };
		942A4F77192F1C9700C93E5B /* Foundation.framework in Frameworks */ = {isa = PBXBuildFile; fileRef = 942A4F53192F1C9600C93E5B /* Foundation.framework */; };
		942A4F78192F1C9700C93E5B /* UIKit.framework in Frameworks */ = {isa = PBXBuildFile; fileRef = 942A4F57192F1C9700C93E5B /* UIKit.framework */; };
		942A4F80192F1C9700C93E5B /* InfoPlist.strings in Resources */ = {isa = PBXBuildFile; fileRef = 942A4F7E192F1C9700C93E5B /* InfoPlist.strings */; };
		942A4F82192F1C9700C93E5B /* tranGOutTests.m in Sources */ = {isa = PBXBuildFile; fileRef = 942A4F81192F1C9700C93E5B /* tranGOutTests.m */; };
		942A4F92192F202800C93E5B /* AudioToolbox.framework in Frameworks */ = {isa = PBXBuildFile; fileRef = 942A4F91192F202800C93E5B /* AudioToolbox.framework */; };
		942A4F94192F204400C93E5B /* CFNetwork.framework in Frameworks */ = {isa = PBXBuildFile; fileRef = 942A4F93192F204400C93E5B /* CFNetwork.framework */; };
		942A4F96192F205300C93E5B /* CoreLocation.framework in Frameworks */ = {isa = PBXBuildFile; fileRef = 942A4F95192F205300C93E5B /* CoreLocation.framework */; };
		942A4F98192F205E00C93E5B /* libz.dylib in Frameworks */ = {isa = PBXBuildFile; fileRef = 942A4F97192F205E00C93E5B /* libz.dylib */; };
		942A4F9A192F206700C93E5B /* MobileCoreServices.framework in Frameworks */ = {isa = PBXBuildFile; fileRef = 942A4F99192F206700C93E5B /* MobileCoreServices.framework */; };
		942A4F9C192F206F00C93E5B /* QuartzCore.framework in Frameworks */ = {isa = PBXBuildFile; fileRef = 942A4F9B192F206F00C93E5B /* QuartzCore.framework */; };
		942A4F9E192F207500C93E5B /* Security.framework in Frameworks */ = {isa = PBXBuildFile; fileRef = 942A4F9D192F207500C93E5B /* Security.framework */; };
		942A4FA0192F207C00C93E5B /* StoreKit.framework in Frameworks */ = {isa = PBXBuildFile; fileRef = 942A4F9F192F207C00C93E5B /* StoreKit.framework */; };
		942A4FA2192F208500C93E5B /* SystemConfiguration.framework in Frameworks */ = {isa = PBXBuildFile; fileRef = 942A4FA1192F208500C93E5B /* SystemConfiguration.framework */; };
		942A4FA4192F21C000C93E5B /* Parse.framework in Frameworks */ = {isa = PBXBuildFile; fileRef = 942A4FA3192F21C000C93E5B /* Parse.framework */; };
		942A4FA9192F3A9200C93E5B /* FacebookSDK.framework in Frameworks */ = {isa = PBXBuildFile; fileRef = 942A4FA8192F3A9200C93E5B /* FacebookSDK.framework */; };
		943BEC6F19384354003F2BFC /* EditEventController.m in Sources */ = {isa = PBXBuildFile; fileRef = 943BEC6E19384354003F2BFC /* EditEventController.m */; };
		943BEC72193845CF003F2BFC /* ModifyEventController.m in Sources */ = {isa = PBXBuildFile; fileRef = 943BEC71193845CF003F2BFC /* ModifyEventController.m */; };
		94808D4A1940057000B0A26F /* colorUtility.m in Sources */ = {isa = PBXBuildFile; fileRef = 94808D491940057000B0A26F /* colorUtility.m */; };
		948912FA1940751E003E98C0 /* EventPostsViewController.m in Sources */ = {isa = PBXBuildFile; fileRef = 948912F91940751E003E98C0 /* EventPostsViewController.m */; };
		94A3AFDE193E818C00FA4FF1 /* WelcomePageViewController.m in Sources */ = {isa = PBXBuildFile; fileRef = 94A3AFDD193E818C00FA4FF1 /* WelcomePageViewController.m */; };
		94A3AFE2193E897C00FA4FF1 /* Social.framework in Frameworks */ = {isa = PBXBuildFile; fileRef = 94A3AFE1193E897C00FA4FF1 /* Social.framework */; };
		94C727EF19373C0A00071093 /* DisplayMapAnnotation.m in Sources */ = {isa = PBXBuildFile; fileRef = 94C727EE19373C0A00071093 /* DisplayMapAnnotation.m */; };
		94C88D4E1938572F006AF41F /* CurrentEventControllerTVC.m in Sources */ = {isa = PBXBuildFile; fileRef = 94C88D4D1938572F006AF41F /* CurrentEventControllerTVC.m */; };
		94C88D5119385742006AF41F /* PastEventControllerTVC.m in Sources */ = {isa = PBXBuildFile; fileRef = 94C88D5019385742006AF41F /* PastEventControllerTVC.m */; };
		94C88D5419385753006AF41F /* FutureEventControllerTVC.m in Sources */ = {isa = PBXBuildFile; fileRef = 94C88D5319385753006AF41F /* FutureEventControllerTVC.m */; };
		94C88D5A19386A93006AF41F /* AttributedStringCoderHelper.m in Sources */ = {isa = PBXBuildFile; fileRef = 94C88D5919386A93006AF41F /* AttributedStringCoderHelper.m */; };
		94C88D5F19386B11006AF41F /* FontUtility.c in Sources */ = {isa = PBXBuildFile; fileRef = 94C88D5E19386B11006AF41F /* FontUtility.c */; };
		94CC27F419416FD600A4C5D4 /* addGuestsControllerTVC.m in Sources */ = {isa = PBXBuildFile; fileRef = 94CC27F319416FD600A4C5D4 /* addGuestsControllerTVC.m */; };
		94D87EE3193722B900E5D10F /* ViewEventController.m in Sources */ = {isa = PBXBuildFile; fileRef = 94D87EE2193722B900E5D10F /* ViewEventController.m */; };
		94D87EE519372B3E00E5D10F /* MapKit.framework in Frameworks */ = {isa = PBXBuildFile; fileRef = 94D87EE419372B3E00E5D10F /* MapKit.framework */; };
		94EF2703192F4798000A6FEC /* EventControllerTVC.m in Sources */ = {isa = PBXBuildFile; fileRef = 94EF2702192F4798000A6FEC /* EventControllerTVC.m */; };
		94EF2709192F486C000A6FEC /* CreateEventController.m in Sources */ = {isa = PBXBuildFile; fileRef = 94EF2708192F486C000A6FEC /* CreateEventController.m */; };
/* End PBXBuildFile section */

/* Begin PBXContainerItemProxy section */
		942A4F79192F1C9700C93E5B /* PBXContainerItemProxy */ = {
			isa = PBXContainerItemProxy;
			containerPortal = 942A4F48192F1C9600C93E5B /* Project object */;
			proxyType = 1;
			remoteGlobalIDString = 942A4F4F192F1C9600C93E5B;
			remoteInfo = tranGOut;
		};
/* End PBXContainerItemProxy section */

/* Begin PBXFileReference section */
		942A4F50192F1C9600C93E5B /* tranGOut.app */ = {isa = PBXFileReference; explicitFileType = wrapper.application; includeInIndex = 0; path = tranGOut.app; sourceTree = BUILT_PRODUCTS_DIR; };
		942A4F53192F1C9600C93E5B /* Foundation.framework */ = {isa = PBXFileReference; lastKnownFileType = wrapper.framework; name = Foundation.framework; path = System/Library/Frameworks/Foundation.framework; sourceTree = SDKROOT; };
		942A4F55192F1C9700C93E5B /* CoreGraphics.framework */ = {isa = PBXFileReference; lastKnownFileType = wrapper.framework; name = CoreGraphics.framework; path = System/Library/Frameworks/CoreGraphics.framework; sourceTree = SDKROOT; };
		942A4F57192F1C9700C93E5B /* UIKit.framework */ = {isa = PBXFileReference; lastKnownFileType = wrapper.framework; name = UIKit.framework; path = System/Library/Frameworks/UIKit.framework; sourceTree = SDKROOT; };
		942A4F5B192F1C9700C93E5B /* tranGOut-Info.plist */ = {isa = PBXFileReference; lastKnownFileType = text.plist.xml; path = "tranGOut-Info.plist"; sourceTree = "<group>"; };
		942A4F5D192F1C9700C93E5B /* en */ = {isa = PBXFileReference; lastKnownFileType = text.plist.strings; name = en; path = en.lproj/InfoPlist.strings; sourceTree = "<group>"; };
		942A4F5F192F1C9700C93E5B /* main.m */ = {isa = PBXFileReference; lastKnownFileType = sourcecode.c.objc; path = main.m; sourceTree = "<group>"; };
		942A4F61192F1C9700C93E5B /* tranGOut-Prefix.pch */ = {isa = PBXFileReference; lastKnownFileType = sourcecode.c.h; path = "tranGOut-Prefix.pch"; sourceTree = "<group>"; };
		942A4F62192F1C9700C93E5B /* AppDelegate.h */ = {isa = PBXFileReference; lastKnownFileType = sourcecode.c.h; path = AppDelegate.h; sourceTree = "<group>"; };
		942A4F63192F1C9700C93E5B /* AppDelegate.m */ = {isa = PBXFileReference; lastKnownFileType = sourcecode.c.objc; path = AppDelegate.m; sourceTree = "<group>"; };
		942A4F66192F1C9700C93E5B /* Base */ = {isa = PBXFileReference; lastKnownFileType = file.storyboard; name = Base; path = Base.lproj/Main_iPhone.storyboard; sourceTree = "<group>"; };
		942A4F69192F1C9700C93E5B /* Base */ = {isa = PBXFileReference; lastKnownFileType = file.storyboard; name = Base; path = Base.lproj/Main_iPad.storyboard; sourceTree = "<group>"; };
		942A4F6E192F1C9700C93E5B /* Images.xcassets */ = {isa = PBXFileReference; lastKnownFileType = folder.assetcatalog; path = Images.xcassets; sourceTree = "<group>"; };
		942A4F74192F1C9700C93E5B /* tranGOutTests.xctest */ = {isa = PBXFileReference; explicitFileType = wrapper.cfbundle; includeInIndex = 0; path = tranGOutTests.xctest; sourceTree = BUILT_PRODUCTS_DIR; };
		942A4F75192F1C9700C93E5B /* XCTest.framework */ = {isa = PBXFileReference; lastKnownFileType = wrapper.framework; name = XCTest.framework; path = Library/Frameworks/XCTest.framework; sourceTree = DEVELOPER_DIR; };
		942A4F7D192F1C9700C93E5B /* tranGOutTests-Info.plist */ = {isa = PBXFileReference; lastKnownFileType = text.plist.xml; path = "tranGOutTests-Info.plist"; sourceTree = "<group>"; };
		942A4F7F192F1C9700C93E5B /* en */ = {isa = PBXFileReference; lastKnownFileType = text.plist.strings; name = en; path = en.lproj/InfoPlist.strings; sourceTree = "<group>"; };
		942A4F81192F1C9700C93E5B /* tranGOutTests.m */ = {isa = PBXFileReference; lastKnownFileType = sourcecode.c.objc; path = tranGOutTests.m; sourceTree = "<group>"; };
		942A4F91192F202800C93E5B /* AudioToolbox.framework */ = {isa = PBXFileReference; lastKnownFileType = wrapper.framework; name = AudioToolbox.framework; path = System/Library/Frameworks/AudioToolbox.framework; sourceTree = SDKROOT; };
		942A4F93192F204400C93E5B /* CFNetwork.framework */ = {isa = PBXFileReference; lastKnownFileType = wrapper.framework; name = CFNetwork.framework; path = System/Library/Frameworks/CFNetwork.framework; sourceTree = SDKROOT; };
		942A4F95192F205300C93E5B /* CoreLocation.framework */ = {isa = PBXFileReference; lastKnownFileType = wrapper.framework; name = CoreLocation.framework; path = System/Library/Frameworks/CoreLocation.framework; sourceTree = SDKROOT; };
		942A4F97192F205E00C93E5B /* libz.dylib */ = {isa = PBXFileReference; lastKnownFileType = "compiled.mach-o.dylib"; name = libz.dylib; path = usr/lib/libz.dylib; sourceTree = SDKROOT; };
		942A4F99192F206700C93E5B /* MobileCoreServices.framework */ = {isa = PBXFileReference; lastKnownFileType = wrapper.framework; name = MobileCoreServices.framework; path = System/Library/Frameworks/MobileCoreServices.framework; sourceTree = SDKROOT; };
		942A4F9B192F206F00C93E5B /* QuartzCore.framework */ = {isa = PBXFileReference; lastKnownFileType = wrapper.framework; name = QuartzCore.framework; path = System/Library/Frameworks/QuartzCore.framework; sourceTree = SDKROOT; };
		942A4F9D192F207500C93E5B /* Security.framework */ = {isa = PBXFileReference; lastKnownFileType = wrapper.framework; name = Security.framework; path = System/Library/Frameworks/Security.framework; sourceTree = SDKROOT; };
		942A4F9F192F207C00C93E5B /* StoreKit.framework */ = {isa = PBXFileReference; lastKnownFileType = wrapper.framework; name = StoreKit.framework; path = System/Library/Frameworks/StoreKit.framework; sourceTree = SDKROOT; };
		942A4FA1192F208500C93E5B /* SystemConfiguration.framework */ = {isa = PBXFileReference; lastKnownFileType = wrapper.framework; name = SystemConfiguration.framework; path = System/Library/Frameworks/SystemConfiguration.framework; sourceTree = SDKROOT; };
		942A4FA3192F21C000C93E5B /* Parse.framework */ = {isa = PBXFileReference; lastKnownFileType = wrapper.framework; path = Parse.framework; sourceTree = "<group>"; };
		942A4FA8192F3A9200C93E5B /* FacebookSDK.framework */ = {isa = PBXFileReference; lastKnownFileType = wrapper.framework; name = FacebookSDK.framework; path = ../FacebookSDK/FacebookSDK.framework; sourceTree = "<group>"; };
		943BEC6D19384354003F2BFC /* EditEventController.h */ = {isa = PBXFileReference; fileEncoding = 4; lastKnownFileType = sourcecode.c.h; path = EditEventController.h; sourceTree = "<group>"; };
		943BEC6E19384354003F2BFC /* EditEventController.m */ = {isa = PBXFileReference; fileEncoding = 4; lastKnownFileType = sourcecode.c.objc; path = EditEventController.m; sourceTree = "<group>"; };
		943BEC70193845CF003F2BFC /* ModifyEventController.h */ = {isa = PBXFileReference; fileEncoding = 4; lastKnownFileType = sourcecode.c.h; path = ModifyEventController.h; sourceTree = "<group>"; };
		943BEC71193845CF003F2BFC /* ModifyEventController.m */ = {isa = PBXFileReference; fileEncoding = 4; lastKnownFileType = sourcecode.c.objc; path = ModifyEventController.m; sourceTree = "<group>"; };
		94808D481940057000B0A26F /* colorUtility.h */ = {isa = PBXFileReference; fileEncoding = 4; lastKnownFileType = sourcecode.c.h; path = colorUtility.h; sourceTree = "<group>"; };
		94808D491940057000B0A26F /* colorUtility.m */ = {isa = PBXFileReference; fileEncoding = 4; lastKnownFileType = sourcecode.c.objc; path = colorUtility.m; sourceTree = "<group>"; };
		948912F81940751E003E98C0 /* EventPostsViewController.h */ = {isa = PBXFileReference; fileEncoding = 4; lastKnownFileType = sourcecode.c.h; path = EventPostsViewController.h; sourceTree = "<group>"; };
		948912F91940751E003E98C0 /* EventPostsViewController.m */ = {isa = PBXFileReference; fileEncoding = 4; lastKnownFileType = sourcecode.c.objc; path = EventPostsViewController.m; sourceTree = "<group>"; };
		94A3AFDC193E818C00FA4FF1 /* WelcomePageViewController.h */ = {isa = PBXFileReference; fileEncoding = 4; lastKnownFileType = sourcecode.c.h; path = WelcomePageViewController.h; sourceTree = "<group>"; };
		94A3AFDD193E818C00FA4FF1 /* WelcomePageViewController.m */ = {isa = PBXFileReference; fileEncoding = 4; lastKnownFileType = sourcecode.c.objc; path = WelcomePageViewController.m; sourceTree = "<group>"; };
		94A3AFE1193E897C00FA4FF1 /* Social.framework */ = {isa = PBXFileReference; lastKnownFileType = wrapper.framework; name = Social.framework; path = System/Library/Frameworks/Social.framework; sourceTree = SDKROOT; };
		94C727ED19373C0A00071093 /* DisplayMapAnnotation.h */ = {isa = PBXFileReference; fileEncoding = 4; lastKnownFileType = sourcecode.c.h; path = DisplayMapAnnotation.h; sourceTree = "<group>"; };
		94C727EE19373C0A00071093 /* DisplayMapAnnotation.m */ = {isa = PBXFileReference; fileEncoding = 4; lastKnownFileType = sourcecode.c.objc; path = DisplayMapAnnotation.m; sourceTree = "<group>"; };
		94C88D4C1938572F006AF41F /* CurrentEventControllerTVC.h */ = {isa = PBXFileReference; fileEncoding = 4; lastKnownFileType = sourcecode.c.h; path = CurrentEventControllerTVC.h; sourceTree = "<group>"; };
		94C88D4D1938572F006AF41F /* CurrentEventControllerTVC.m */ = {isa = PBXFileReference; fileEncoding = 4; lastKnownFileType = sourcecode.c.objc; path = CurrentEventControllerTVC.m; sourceTree = "<group>"; };
		94C88D4F19385741006AF41F /* PastEventControllerTVC.h */ = {isa = PBXFileReference; fileEncoding = 4; lastKnownFileType = sourcecode.c.h; path = PastEventControllerTVC.h; sourceTree = "<group>"; };
		94C88D5019385742006AF41F /* PastEventControllerTVC.m */ = {isa = PBXFileReference; fileEncoding = 4; lastKnownFileType = sourcecode.c.objc; path = PastEventControllerTVC.m; sourceTree = "<group>"; };
		94C88D5219385753006AF41F /* FutureEventControllerTVC.h */ = {isa = PBXFileReference; fileEncoding = 4; lastKnownFileType = sourcecode.c.h; path = FutureEventControllerTVC.h; sourceTree = "<group>"; };
		94C88D5319385753006AF41F /* FutureEventControllerTVC.m */ = {isa = PBXFileReference; fileEncoding = 4; lastKnownFileType = sourcecode.c.objc; path = FutureEventControllerTVC.m; sourceTree = "<group>"; };
		94C88D5819386A93006AF41F /* AttributedStringCoderHelper.h */ = {isa = PBXFileReference; fileEncoding = 4; lastKnownFileType = sourcecode.c.h; path = AttributedStringCoderHelper.h; sourceTree = "<group>"; };
		94C88D5919386A93006AF41F /* AttributedStringCoderHelper.m */ = {isa = PBXFileReference; fileEncoding = 4; lastKnownFileType = sourcecode.c.objc; path = AttributedStringCoderHelper.m; sourceTree = "<group>"; };
		94C88D5E19386B11006AF41F /* FontUtility.c */ = {isa = PBXFileReference; fileEncoding = 4; lastKnownFileType = sourcecode.c.c; name = FontUtility.c; path = ../FontUtility.c; sourceTree = "<group>"; };
		94C88D6119386B3A006AF41F /* FontUtility.h */ = {isa = PBXFileReference; lastKnownFileType = sourcecode.c.h; name = FontUtility.h; path = ../FontUtility.h; sourceTree = "<group>"; };
		94CC27F219416FD600A4C5D4 /* addGuestsControllerTVC.h */ = {isa = PBXFileReference; fileEncoding = 4; lastKnownFileType = sourcecode.c.h; path = addGuestsControllerTVC.h; sourceTree = "<group>"; };
		94CC27F319416FD600A4C5D4 /* addGuestsControllerTVC.m */ = {isa = PBXFileReference; fileEncoding = 4; lastKnownFileType = sourcecode.c.objc; path = addGuestsControllerTVC.m; sourceTree = "<group>"; };
		94D87EE1193722B900E5D10F /* ViewEventController.h */ = {isa = PBXFileReference; fileEncoding = 4; lastKnownFileType = sourcecode.c.h; path = ViewEventController.h; sourceTree = "<group>"; };
		94D87EE2193722B900E5D10F /* ViewEventController.m */ = {isa = PBXFileReference; fileEncoding = 4; lastKnownFileType = sourcecode.c.objc; path = ViewEventController.m; sourceTree = "<group>"; };
		94D87EE419372B3E00E5D10F /* MapKit.framework */ = {isa = PBXFileReference; lastKnownFileType = wrapper.framework; name = MapKit.framework; path = System/Library/Frameworks/MapKit.framework; sourceTree = SDKROOT; };
		94EF2701192F4798000A6FEC /* EventControllerTVC.h */ = {isa = PBXFileReference; fileEncoding = 4; lastKnownFileType = sourcecode.c.h; path = EventControllerTVC.h; sourceTree = "<group>"; };
		94EF2702192F4798000A6FEC /* EventControllerTVC.m */ = {isa = PBXFileReference; fileEncoding = 4; lastKnownFileType = sourcecode.c.objc; path = EventControllerTVC.m; sourceTree = "<group>"; };
		94EF2707192F486C000A6FEC /* CreateEventController.h */ = {isa = PBXFileReference; fileEncoding = 4; lastKnownFileType = sourcecode.c.h; path = CreateEventController.h; sourceTree = "<group>"; };
		94EF2708192F486C000A6FEC /* CreateEventController.m */ = {isa = PBXFileReference; fileEncoding = 4; lastKnownFileType = sourcecode.c.objc; path = CreateEventController.m; sourceTree = "<group>"; };
/* End PBXFileReference section */

/* Begin PBXFrameworksBuildPhase section */
		942A4F4D192F1C9600C93E5B /* Frameworks */ = {
			isa = PBXFrameworksBuildPhase;
			buildActionMask = 2147483647;
			files = (
				94A3AFE2193E897C00FA4FF1 /* Social.framework in Frameworks */,
				942A4F96192F205300C93E5B /* CoreLocation.framework in Frameworks */,
				94D87EE519372B3E00E5D10F /* MapKit.framework in Frameworks */,
				942A4FA2192F208500C93E5B /* SystemConfiguration.framework in Frameworks */,
				942A4FA0192F207C00C93E5B /* StoreKit.framework in Frameworks */,
				942A4F9E192F207500C93E5B /* Security.framework in Frameworks */,
				942A4F9C192F206F00C93E5B /* QuartzCore.framework in Frameworks */,
				942A4F9A192F206700C93E5B /* MobileCoreServices.framework in Frameworks */,
				942A4F98192F205E00C93E5B /* libz.dylib in Frameworks */,
				942A4FA4192F21C000C93E5B /* Parse.framework in Frameworks */,
				942A4F56192F1C9700C93E5B /* CoreGraphics.framework in Frameworks */,
				942A4F94192F204400C93E5B /* CFNetwork.framework in Frameworks */,
				942A4F92192F202800C93E5B /* AudioToolbox.framework in Frameworks */,
				942A4F58192F1C9700C93E5B /* UIKit.framework in Frameworks */,
				942A4F54192F1C9700C93E5B /* Foundation.framework in Frameworks */,
				942A4FA9192F3A9200C93E5B /* FacebookSDK.framework in Frameworks */,
			);
			runOnlyForDeploymentPostprocessing = 0;
		};
		942A4F71192F1C9700C93E5B /* Frameworks */ = {
			isa = PBXFrameworksBuildPhase;
			buildActionMask = 2147483647;
			files = (
				942A4F76192F1C9700C93E5B /* XCTest.framework in Frameworks */,
				942A4F78192F1C9700C93E5B /* UIKit.framework in Frameworks */,
				942A4F77192F1C9700C93E5B /* Foundation.framework in Frameworks */,
			);
			runOnlyForDeploymentPostprocessing = 0;
		};
/* End PBXFrameworksBuildPhase section */

/* Begin PBXGroup section */
		942A4F47192F1C9600C93E5B = {
			isa = PBXGroup;
			children = (
				942A4F59192F1C9700C93E5B /* tranGOut */,
				942A4F7B192F1C9700C93E5B /* tranGOutTests */,
				942A4F52192F1C9600C93E5B /* Frameworks */,
				942A4F51192F1C9600C93E5B /* Products */,
			);
			sourceTree = "<group>";
		};
		942A4F51192F1C9600C93E5B /* Products */ = {
			isa = PBXGroup;
			children = (
				942A4F50192F1C9600C93E5B /* tranGOut.app */,
				942A4F74192F1C9700C93E5B /* tranGOutTests.xctest */,
			);
			name = Products;
			sourceTree = "<group>";
		};
		942A4F52192F1C9600C93E5B /* Frameworks */ = {
			isa = PBXGroup;
			children = (
				94A3AFE1193E897C00FA4FF1 /* Social.framework */,
				94D87EE419372B3E00E5D10F /* MapKit.framework */,
				942A4FA8192F3A9200C93E5B /* FacebookSDK.framework */,
				942A4FA3192F21C000C93E5B /* Parse.framework */,
				942A4FA1192F208500C93E5B /* SystemConfiguration.framework */,
				942A4F9F192F207C00C93E5B /* StoreKit.framework */,
				942A4F9D192F207500C93E5B /* Security.framework */,
				942A4F9B192F206F00C93E5B /* QuartzCore.framework */,
				942A4F99192F206700C93E5B /* MobileCoreServices.framework */,
				942A4F97192F205E00C93E5B /* libz.dylib */,
				942A4F95192F205300C93E5B /* CoreLocation.framework */,
				942A4F93192F204400C93E5B /* CFNetwork.framework */,
				942A4F91192F202800C93E5B /* AudioToolbox.framework */,
				942A4F53192F1C9600C93E5B /* Foundation.framework */,
				942A4F55192F1C9700C93E5B /* CoreGraphics.framework */,
				942A4F57192F1C9700C93E5B /* UIKit.framework */,
				942A4F75192F1C9700C93E5B /* XCTest.framework */,
			);
			name = Frameworks;
			sourceTree = "<group>";
		};
		942A4F59192F1C9700C93E5B /* tranGOut */ = {
			isa = PBXGroup;
			children = (
				942A4F62192F1C9700C93E5B /* AppDelegate.h */,
				942A4F63192F1C9700C93E5B /* AppDelegate.m */,
				94C88D6219386B9B006AF41F /* UtilityFunctions */,
				94C88D6319386BD2006AF41F /* Views */,
				94EF2704192F47A6000A6FEC /* Controllers */,
				942A4F6E192F1C9700C93E5B /* Images.xcassets */,
				942A4F5A192F1C9700C93E5B /* Supporting Files */,
			);
			path = tranGOut;
			sourceTree = "<group>";
		};
		942A4F5A192F1C9700C93E5B /* Supporting Files */ = {
			isa = PBXGroup;
			children = (
				942A4F5B192F1C9700C93E5B /* tranGOut-Info.plist */,
				942A4F5C192F1C9700C93E5B /* InfoPlist.strings */,
				942A4F5F192F1C9700C93E5B /* main.m */,
				942A4F61192F1C9700C93E5B /* tranGOut-Prefix.pch */,
			);
			name = "Supporting Files";
			sourceTree = "<group>";
		};
		942A4F7B192F1C9700C93E5B /* tranGOutTests */ = {
			isa = PBXGroup;
			children = (
				942A4F81192F1C9700C93E5B /* tranGOutTests.m */,
				942A4F7C192F1C9700C93E5B /* Supporting Files */,
			);
			path = tranGOutTests;
			sourceTree = "<group>";
		};
		942A4F7C192F1C9700C93E5B /* Supporting Files */ = {
			isa = PBXGroup;
			children = (
				942A4F7D192F1C9700C93E5B /* tranGOutTests-Info.plist */,
				942A4F7E192F1C9700C93E5B /* InfoPlist.strings */,
			);
			name = "Supporting Files";
			sourceTree = "<group>";
		};
		943BEC7419384AF6003F2BFC /* EventModifications */ = {
			isa = PBXGroup;
			children = (
				94EF2707192F486C000A6FEC /* CreateEventController.h */,
				94EF2708192F486C000A6FEC /* CreateEventController.m */,
				943BEC6D19384354003F2BFC /* EditEventController.h */,
				943BEC6E19384354003F2BFC /* EditEventController.m */,
				943BEC70193845CF003F2BFC /* ModifyEventController.h */,
				943BEC71193845CF003F2BFC /* ModifyEventController.m */,
			);
			name = EventModifications;
			sourceTree = "<group>";
		};
		948912FB19407540003E98C0 /* EventAddons */ = {
			isa = PBXGroup;
			children = (
				94CC27F219416FD600A4C5D4 /* addGuestsControllerTVC.h */,
				94CC27F319416FD600A4C5D4 /* addGuestsControllerTVC.m */,
				948912F81940751E003E98C0 /* EventPostsViewController.h */,
				948912F91940751E003E98C0 /* EventPostsViewController.m */,
			);
			name = EventAddons;
			sourceTree = "<group>";
		};
		94C88D6219386B9B006AF41F /* UtilityFunctions */ = {
			isa = PBXGroup;
			children = (
				94808D481940057000B0A26F /* colorUtility.h */,
				94808D491940057000B0A26F /* colorUtility.m */,
				94C88D6419386BE6006AF41F /* AttributedStringDatabase */,
				94C727ED19373C0A00071093 /* DisplayMapAnnotation.h */,
				94C727EE19373C0A00071093 /* DisplayMapAnnotation.m */,
			);
			name = UtilityFunctions;
			sourceTree = "<group>";
		};
		94C88D6319386BD2006AF41F /* Views */ = {
			isa = PBXGroup;
			children = (
				942A4F65192F1C9700C93E5B /* Main_iPhone.storyboard */,
				942A4F68192F1C9700C93E5B /* Main_iPad.storyboard */,
			);
			name = Views;
			sourceTree = "<group>";
		};
		94C88D6419386BE6006AF41F /* AttributedStringDatabase */ = {
			isa = PBXGroup;
			children = (
				94C88D5819386A93006AF41F /* AttributedStringCoderHelper.h */,
				94C88D5919386A93006AF41F /* AttributedStringCoderHelper.m */,
				94C88D6119386B3A006AF41F /* FontUtility.h */,
				94C88D5E19386B11006AF41F /* FontUtility.c */,
			);
			name = AttributedStringDatabase;
			sourceTree = "<group>";
		};
		94EF2704192F47A6000A6FEC /* Controllers */ = {
			isa = PBXGroup;
			children = (
				94EF2706192F47B3000A6FEC /* Events */,
				94EF2705192F47AC000A6FEC /* Login */,
			);
			name = Controllers;
			sourceTree = "<group>";
		};
		94EF2705192F47AC000A6FEC /* Login */ = {
			isa = PBXGroup;
			children = (
				94A3AFDC193E818C00FA4FF1 /* WelcomePageViewController.h */,
				94A3AFDD193E818C00FA4FF1 /* WelcomePageViewController.m */,
			);
			name = Login;
			sourceTree = "<group>";
		};
		94EF2706192F47B3000A6FEC /* Events */ = {
			isa = PBXGroup;
			children = (
				94C88D4C1938572F006AF41F /* CurrentEventControllerTVC.h */,
				94C88D4D1938572F006AF41F /* CurrentEventControllerTVC.m */,
				94C88D5219385753006AF41F /* FutureEventControllerTVC.h */,
				94C88D5319385753006AF41F /* FutureEventControllerTVC.m */,
				94C88D4F19385741006AF41F /* PastEventControllerTVC.h */,
				94C88D5019385742006AF41F /* PastEventControllerTVC.m */,
				94EF2701192F4798000A6FEC /* EventControllerTVC.h */,
				94EF2702192F4798000A6FEC /* EventControllerTVC.m */,
				94D87EE1193722B900E5D10F /* ViewEventController.h */,
				94D87EE2193722B900E5D10F /* ViewEventController.m */,
				943BEC7419384AF6003F2BFC /* EventModifications */,
				948912FB19407540003E98C0 /* EventAddons */,
			);
			name = Events;
			sourceTree = "<group>";
		};
/* End PBXGroup section */

/* Begin PBXNativeTarget section */
		942A4F4F192F1C9600C93E5B /* tranGOut */ = {
			isa = PBXNativeTarget;
			buildConfigurationList = 942A4F85192F1C9700C93E5B /* Build configuration list for PBXNativeTarget "tranGOut" */;
			buildPhases = (
				942A4F4C192F1C9600C93E5B /* Sources */,
				942A4F4D192F1C9600C93E5B /* Frameworks */,
				942A4F4E192F1C9600C93E5B /* Resources */,
			);
			buildRules = (
			);
			dependencies = (
			);
			name = tranGOut;
			productName = tranGOut;
			productReference = 942A4F50192F1C9600C93E5B /* tranGOut.app */;
			productType = "com.apple.product-type.application";
		};
		942A4F73192F1C9700C93E5B /* tranGOutTests */ = {
			isa = PBXNativeTarget;
			buildConfigurationList = 942A4F88192F1C9700C93E5B /* Build configuration list for PBXNativeTarget "tranGOutTests" */;
			buildPhases = (
				942A4F70192F1C9700C93E5B /* Sources */,
				942A4F71192F1C9700C93E5B /* Frameworks */,
				942A4F72192F1C9700C93E5B /* Resources */,
			);
			buildRules = (
			);
			dependencies = (
				942A4F7A192F1C9700C93E5B /* PBXTargetDependency */,
			);
			name = tranGOutTests;
			productName = tranGOutTests;
			productReference = 942A4F74192F1C9700C93E5B /* tranGOutTests.xctest */;
			productType = "com.apple.product-type.bundle.unit-test";
		};
/* End PBXNativeTarget section */

/* Begin PBXProject section */
		942A4F48192F1C9600C93E5B /* Project object */ = {
			isa = PBXProject;
			attributes = {
				LastUpgradeCheck = 0510;
				ORGANIZATIONNAME = "Ryan Houlihan";
				TargetAttributes = {
					942A4F73192F1C9700C93E5B = {
						TestTargetID = 942A4F4F192F1C9600C93E5B;
					};
				};
			};
			buildConfigurationList = 942A4F4B192F1C9600C93E5B /* Build configuration list for PBXProject "tranGOut" */;
			compatibilityVersion = "Xcode 3.2";
			developmentRegion = English;
			hasScannedForEncodings = 0;
			knownRegions = (
				en,
				Base,
			);
			mainGroup = 942A4F47192F1C9600C93E5B;
			productRefGroup = 942A4F51192F1C9600C93E5B /* Products */;
			projectDirPath = "";
			projectRoot = "";
			targets = (
				942A4F4F192F1C9600C93E5B /* tranGOut */,
				942A4F73192F1C9700C93E5B /* tranGOutTests */,
			);
		};
/* End PBXProject section */

/* Begin PBXResourcesBuildPhase section */
		942A4F4E192F1C9600C93E5B /* Resources */ = {
			isa = PBXResourcesBuildPhase;
			buildActionMask = 2147483647;
			files = (
				942A4F6A192F1C9700C93E5B /* Main_iPad.storyboard in Resources */,
				942A4F6F192F1C9700C93E5B /* Images.xcassets in Resources */,
				942A4F67192F1C9700C93E5B /* Main_iPhone.storyboard in Resources */,
				942A4F5E192F1C9700C93E5B /* InfoPlist.strings in Resources */,
			);
			runOnlyForDeploymentPostprocessing = 0;
		};
		942A4F72192F1C9700C93E5B /* Resources */ = {
			isa = PBXResourcesBuildPhase;
			buildActionMask = 2147483647;
			files = (
				942A4F80192F1C9700C93E5B /* InfoPlist.strings in Resources */,
			);
			runOnlyForDeploymentPostprocessing = 0;
		};
/* End PBXResourcesBuildPhase section */

/* Begin PBXSourcesBuildPhase section */
		942A4F4C192F1C9600C93E5B /* Sources */ = {
			isa = PBXSourcesBuildPhase;
			buildActionMask = 2147483647;
			files = (
				94808D4A1940057000B0A26F /* colorUtility.m in Sources */,
				94A3AFDE193E818C00FA4FF1 /* WelcomePageViewController.m in Sources */,
				943BEC72193845CF003F2BFC /* ModifyEventController.m in Sources */,
				94D87EE3193722B900E5D10F /* ViewEventController.m in Sources */,
				94C88D5119385742006AF41F /* PastEventControllerTVC.m in Sources */,
				94C88D5A19386A93006AF41F /* AttributedStringCoderHelper.m in Sources */,
				942A4F64192F1C9700C93E5B /* AppDelegate.m in Sources */,
				94EF2703192F4798000A6FEC /* EventControllerTVC.m in Sources */,
				94EF2709192F486C000A6FEC /* CreateEventController.m in Sources */,
				942A4F60192F1C9700C93E5B /* main.m in Sources */,
				94C88D5419385753006AF41F /* FutureEventControllerTVC.m in Sources */,
				94C88D4E1938572F006AF41F /* CurrentEventControllerTVC.m in Sources */,
				943BEC6F19384354003F2BFC /* EditEventController.m in Sources */,
				94C88D5F19386B11006AF41F /* FontUtility.c in Sources */,
				94CC27F419416FD600A4C5D4 /* addGuestsControllerTVC.m in Sources */,
				94C727EF19373C0A00071093 /* DisplayMapAnnotation.m in Sources */,
				948912FA1940751E003E98C0 /* EventPostsViewController.m in Sources */,
			);
			runOnlyForDeploymentPostprocessing = 0;
		};
		942A4F70192F1C9700C93E5B /* Sources */ = {
			isa = PBXSourcesBuildPhase;
			buildActionMask = 2147483647;
			files = (
				942A4F82192F1C9700C93E5B /* tranGOutTests.m in Sources */,
			);
			runOnlyForDeploymentPostprocessing = 0;
		};
/* End PBXSourcesBuildPhase section */

/* Begin PBXTargetDependency section */
		942A4F7A192F1C9700C93E5B /* PBXTargetDependency */ = {
			isa = PBXTargetDependency;
			target = 942A4F4F192F1C9600C93E5B /* tranGOut */;
			targetProxy = 942A4F79192F1C9700C93E5B /* PBXContainerItemProxy */;
		};
/* End PBXTargetDependency section */

/* Begin PBXVariantGroup section */
		942A4F5C192F1C9700C93E5B /* InfoPlist.strings */ = {
			isa = PBXVariantGroup;
			children = (
				942A4F5D192F1C9700C93E5B /* en */,
			);
			name = InfoPlist.strings;
			sourceTree = "<group>";
		};
		942A4F65192F1C9700C93E5B /* Main_iPhone.storyboard */ = {
			isa = PBXVariantGroup;
			children = (
				942A4F66192F1C9700C93E5B /* Base */,
			);
			name = Main_iPhone.storyboard;
			sourceTree = "<group>";
		};
		942A4F68192F1C9700C93E5B /* Main_iPad.storyboard */ = {
			isa = PBXVariantGroup;
			children = (
				942A4F69192F1C9700C93E5B /* Base */,
			);
			name = Main_iPad.storyboard;
			sourceTree = "<group>";
		};
		942A4F7E192F1C9700C93E5B /* InfoPlist.strings */ = {
			isa = PBXVariantGroup;
			children = (
				942A4F7F192F1C9700C93E5B /* en */,
			);
			name = InfoPlist.strings;
			sourceTree = "<group>";
		};
/* End PBXVariantGroup section */

/* Begin XCBuildConfiguration section */
		942A4F83192F1C9700C93E5B /* Debug */ = {
			isa = XCBuildConfiguration;
			buildSettings = {
				ALWAYS_SEARCH_USER_PATHS = NO;
				CLANG_CXX_LANGUAGE_STANDARD = "gnu++0x";
				CLANG_CXX_LIBRARY = "libc++";
				CLANG_ENABLE_MODULES = YES;
				CLANG_ENABLE_OBJC_ARC = YES;
				CLANG_WARN_BOOL_CONVERSION = YES;
				CLANG_WARN_CONSTANT_CONVERSION = YES;
				CLANG_WARN_DIRECT_OBJC_ISA_USAGE = YES_ERROR;
				CLANG_WARN_EMPTY_BODY = YES;
				CLANG_WARN_ENUM_CONVERSION = YES;
				CLANG_WARN_INT_CONVERSION = YES;
				CLANG_WARN_OBJC_ROOT_CLASS = YES_ERROR;
				CLANG_WARN__DUPLICATE_METHOD_MATCH = YES;
				"CODE_SIGN_IDENTITY[sdk=iphoneos*]" = "iPhone Developer";
				COPY_PHASE_STRIP = NO;
				GCC_C_LANGUAGE_STANDARD = gnu99;
				GCC_DYNAMIC_NO_PIC = NO;
				GCC_OPTIMIZATION_LEVEL = 0;
				GCC_PREPROCESSOR_DEFINITIONS = (
					"DEBUG=1",
					"$(inherited)",
				);
				GCC_SYMBOLS_PRIVATE_EXTERN = NO;
				GCC_WARN_64_TO_32_BIT_CONVERSION = YES;
				GCC_WARN_ABOUT_RETURN_TYPE = YES_ERROR;
				GCC_WARN_UNDECLARED_SELECTOR = YES;
				GCC_WARN_UNINITIALIZED_AUTOS = YES_AGGRESSIVE;
				GCC_WARN_UNUSED_FUNCTION = YES;
				GCC_WARN_UNUSED_VARIABLE = YES;
				IPHONEOS_DEPLOYMENT_TARGET = 7.1;
				ONLY_ACTIVE_ARCH = YES;
				SDKROOT = iphoneos;
				TARGETED_DEVICE_FAMILY = "1,2";
			};
			name = Debug;
		};
		942A4F84192F1C9700C93E5B /* Release */ = {
			isa = XCBuildConfiguration;
			buildSettings = {
				ALWAYS_SEARCH_USER_PATHS = NO;
				CLANG_CXX_LANGUAGE_STANDARD = "gnu++0x";
				CLANG_CXX_LIBRARY = "libc++";
				CLANG_ENABLE_MODULES = YES;
				CLANG_ENABLE_OBJC_ARC = YES;
				CLANG_WARN_BOOL_CONVERSION = YES;
				CLANG_WARN_CONSTANT_CONVERSION = YES;
				CLANG_WARN_DIRECT_OBJC_ISA_USAGE = YES_ERROR;
				CLANG_WARN_EMPTY_BODY = YES;
				CLANG_WARN_ENUM_CONVERSION = YES;
				CLANG_WARN_INT_CONVERSION = YES;
				CLANG_WARN_OBJC_ROOT_CLASS = YES_ERROR;
				CLANG_WARN__DUPLICATE_METHOD_MATCH = YES;
				"CODE_SIGN_IDENTITY[sdk=iphoneos*]" = "iPhone Developer";
				COPY_PHASE_STRIP = YES;
				ENABLE_NS_ASSERTIONS = NO;
				GCC_C_LANGUAGE_STANDARD = gnu99;
				GCC_WARN_64_TO_32_BIT_CONVERSION = YES;
				GCC_WARN_ABOUT_RETURN_TYPE = YES_ERROR;
				GCC_WARN_UNDECLARED_SELECTOR = YES;
				GCC_WARN_UNINITIALIZED_AUTOS = YES_AGGRESSIVE;
				GCC_WARN_UNUSED_FUNCTION = YES;
				GCC_WARN_UNUSED_VARIABLE = YES;
				IPHONEOS_DEPLOYMENT_TARGET = 7.1;
				SDKROOT = iphoneos;
				TARGETED_DEVICE_FAMILY = "1,2";
				VALIDATE_PRODUCT = YES;
			};
			name = Release;
		};
		942A4F86192F1C9700C93E5B /* Debug */ = {
			isa = XCBuildConfiguration;
			buildSettings = {
				ASSETCATALOG_COMPILER_APPICON_NAME = AppIcon;
				ASSETCATALOG_COMPILER_LAUNCHIMAGE_NAME = LaunchImage;
				FRAMEWORK_SEARCH_PATHS = (
					"$(inherited)",
					"$(PROJECT_DIR)/tranGOut",
					"$(PROJECT_DIR)",
					/Users/ryan/Documents/FacebookSDK,
				);
				GCC_PRECOMPILE_PREFIX_HEADER = YES;
				GCC_PREFIX_HEADER = "tranGOut/tranGOut-Prefix.pch";
				INFOPLIST_FILE = "tranGOut/tranGOut-Info.plist";
				PRODUCT_NAME = "$(TARGET_NAME)";
				TARGETED_DEVICE_FAMILY = 1;
				WRAPPER_EXTENSION = app;
			};
			name = Debug;
		};
		942A4F87192F1C9700C93E5B /* Release */ = {
			isa = XCBuildConfiguration;
			buildSettings = {
				ASSETCATALOG_COMPILER_APPICON_NAME = AppIcon;
				ASSETCATALOG_COMPILER_LAUNCHIMAGE_NAME = LaunchImage;
				FRAMEWORK_SEARCH_PATHS = (
					"$(inherited)",
					"$(PROJECT_DIR)/tranGOut",
					"$(PROJECT_DIR)",
					/Users/ryan/Documents/FacebookSDK,
				);
				GCC_PRECOMPILE_PREFIX_HEADER = YES;
				GCC_PREFIX_HEADER = "tranGOut/tranGOut-Prefix.pch";
				INFOPLIST_FILE = "tranGOut/tranGOut-Info.plist";
				PRODUCT_NAME = "$(TARGET_NAME)";
				TARGETED_DEVICE_FAMILY = 1;
				WRAPPER_EXTENSION = app;
			};
			name = Release;
		};
		942A4F89192F1C9700C93E5B /* Debug */ = {
			isa = XCBuildConfiguration;
			buildSettings = {
				BUNDLE_LOADER = "$(BUILT_PRODUCTS_DIR)/tranGOut.app/tranGOut";
				FRAMEWORK_SEARCH_PATHS = (
					"$(SDKROOT)/Developer/Library/Frameworks",
					"$(inherited)",
					"$(DEVELOPER_FRAMEWORKS_DIR)",
				);
				GCC_PRECOMPILE_PREFIX_HEADER = YES;
				GCC_PREFIX_HEADER = "tranGOut/tranGOut-Prefix.pch";
				GCC_PREPROCESSOR_DEFINITIONS = (
					"DEBUG=1",
					"$(inherited)",
				);
				INFOPLIST_FILE = "tranGOutTests/tranGOutTests-Info.plist";
				PRODUCT_NAME = "$(TARGET_NAME)";
				TEST_HOST = "$(BUNDLE_LOADER)";
				WRAPPER_EXTENSION = xctest;
			};
			name = Debug;
		};
		942A4F8A192F1C9700C93E5B /* Release */ = {
			isa = XCBuildConfiguration;
			buildSettings = {
				BUNDLE_LOADER = "$(BUILT_PRODUCTS_DIR)/tranGOut.app/tranGOut";
				FRAMEWORK_SEARCH_PATHS = (
					"$(SDKROOT)/Developer/Library/Frameworks",
					"$(inherited)",
					"$(DEVELOPER_FRAMEWORKS_DIR)",
				);
				GCC_PRECOMPILE_PREFIX_HEADER = YES;
				GCC_PREFIX_HEADER = "tranGOut/tranGOut-Prefix.pch";
				INFOPLIST_FILE = "tranGOutTests/tranGOutTests-Info.plist";
				PRODUCT_NAME = "$(TARGET_NAME)";
				TEST_HOST = "$(BUNDLE_LOADER)";
				WRAPPER_EXTENSION = xctest;
			};
			name = Release;
		};
/* End XCBuildConfiguration section */

/* Begin XCConfigurationList section */
		942A4F4B192F1C9600C93E5B /* Build configuration list for PBXProject "tranGOut" */ = {
			isa = XCConfigurationList;
			buildConfigurations = (
				942A4F83192F1C9700C93E5B /* Debug */,
				942A4F84192F1C9700C93E5B /* Release */,
			);
			defaultConfigurationIsVisible = 0;
			defaultConfigurationName = Release;
		};
		942A4F85192F1C9700C93E5B /* Build configuration list for PBXNativeTarget "tranGOut" */ = {
			isa = XCConfigurationList;
			buildConfigurations = (
				942A4F86192F1C9700C93E5B /* Debug */,
				942A4F87192F1C9700C93E5B /* Release */,
			);
			defaultConfigurationIsVisible = 0;
			defaultConfigurationName = Release;
		};
		942A4F88192F1C9700C93E5B /* Build configuration list for PBXNativeTarget "tranGOutTests" */ = {
			isa = XCConfigurationList;
			buildConfigurations = (
				942A4F89192F1C9700C93E5B /* Debug */,
				942A4F8A192F1C9700C93E5B /* Release */,
			);
			defaultConfigurationIsVisible = 0;
			defaultConfigurationName = Release;
		};
/* End XCConfigurationList section */
	};
	rootObject = 942A4F48192F1C9600C93E5B /* Project object */;
}
